
Microsoft Visual Studio Solution File, Format Version 12.00
# Visual Studio Version 16
VisualStudioVersion = 16.0.31129.286
MinimumVisualStudioVersion = 10.0.40219.1
Project("{FAE04EC0-301F-11D3-BF4B-00C04F79EFBC}") = "AchatPrometi", "AchatPrometi.csproj", "{5E85A641-D2AB-414D-BDA5-66C98D665370}"
EndProject
Global
	GlobalSection(SolutionConfigurationPlatforms) = preSolution
		Debug|Any CPU = Debug|Any CPU
		Release|Any CPU = Release|Any CPU
	EndGlobalSection
	GlobalSection(ProjectConfigurationPlatforms) = postSolution
		{5E85A641-D2AB-414D-BDA5-66C98D665370}.Debug|Any CPU.ActiveCfg = Debug|Any CPU
		{5E85A641-D2AB-414D-BDA5-66C98D665370}.Debug|Any CPU.Build.0 = Debug|Any CPU
		{5E85A641-D2AB-414D-BDA5-66C98D665370}.Release|Any CPU.ActiveCfg = Release|Any CPU
		{5E85A641-D2AB-414D-BDA5-66C98D665370}.Release|Any CPU.Build.0 = Release|Any CPU
	EndGlobalSection
	GlobalSection(SolutionProperties) = preSolution
		HideSolutionNode = FALSE
	EndGlobalSection
	GlobalSection(ExtensibilityGlobals) = postSolution
		SolutionGuid = {D8C58E49-5FDD-423C-B2BC-4556551C6412}
	EndGlobalSection
EndGlobal
